// !$*UTF8*$!
{
	archiveVersion = 1;
	classes = {
	};
	objectVersion = 50;
	objects = {

/* Begin PBXBuildFile section */
		2E058D4622F1B83D0036D17B /* AppDelegate.swift in Sources */ = {isa = PBXBuildFile; fileRef = 2E058D4522F1B83D0036D17B /* AppDelegate.swift */; };
		2E058D4822F1B83D0036D17B /* ViewController.swift in Sources */ = {isa = PBXBuildFile; fileRef = 2E058D4722F1B83D0036D17B /* ViewController.swift */; };
		2E058D4B22F1B83D0036D17B /* Main.storyboard in Resources */ = {isa = PBXBuildFile; fileRef = 2E058D4922F1B83D0036D17B /* Main.storyboard */; };
		2E058D4D22F1B83E0036D17B /* Assets.xcassets in Resources */ = {isa = PBXBuildFile; fileRef = 2E058D4C22F1B83E0036D17B /* Assets.xcassets */; };
		2E058D5022F1B83E0036D17B /* LaunchScreen.storyboard in Resources */ = {isa = PBXBuildFile; fileRef = 2E058D4E22F1B83E0036D17B /* LaunchScreen.storyboard */; };
		2E058D5822F1BD0B0036D17B /* SpringYCollectionViewFlowLayout.swift in Sources */ = {isa = PBXBuildFile; fileRef = 2E058D5722F1BD0B0036D17B /* SpringYCollectionViewFlowLayout.swift */; };
/* End PBXBuildFile section */

/* Begin PBXFileReference section */
		2E058D4222F1B83D0036D17B /* dynamic chat.app */ = {isa = PBXFileReference; explicitFileType = wrapper.application; includeInIndex = 0; path = "dynamic chat.app"; sourceTree = BUILT_PRODUCTS_DIR; };
		2E058D4522F1B83D0036D17B /* AppDelegate.swift */ = {isa = PBXFileReference; lastKnownFileType = sourcecode.swift; path = AppDelegate.swift; sourceTree = "<group>"; };
		2E058D4722F1B83D0036D17B /* ViewController.swift */ = {isa = PBXFileReference; lastKnownFileType = sourcecode.swift; path = ViewController.swift; sourceTree = "<group>"; };
		2E058D4A22F1B83D0036D17B /* Base */ = {isa = PBXFileReference; lastKnownFileType = file.storyboard; name = Base; path = Base.lproj/Main.storyboard; sourceTree = "<group>"; };
		2E058D4C22F1B83E0036D17B /* Assets.xcassets */ = {isa = PBXFileReference; lastKnownFileType = folder.assetcatalog; path = Assets.xcassets; sourceTree = "<group>"; };
		2E058D4F22F1B83E0036D17B /* Base */ = {isa = PBXFileReference; lastKnownFileType = file.storyboard; name = Base; path = Base.lproj/LaunchScreen.storyboard; sourceTree = "<group>"; };
		2E058D5122F1B83E0036D17B /* Info.plist */ = {isa = PBXFileReference; lastKnownFileType = text.plist.xml; path = Info.plist; sourceTree = "<group>"; };
		2E058D5722F1BD0B0036D17B /* SpringYCollectionViewFlowLayout.swift */ = {isa = PBXFileReference; lastKnownFileType = sourcecode.swift; path = SpringYCollectionViewFlowLayout.swift; sourceTree = "<group>"; };
/* End PBXFileReference section */

/* Begin PBXFrameworksBuildPhase section */
		2E058D3F22F1B83D0036D17B /* Frameworks */ = {
			isa = PBXFrameworksBuildPhase;
			buildActionMask = 2147483647;
			files = (
			);
			runOnlyForDeploymentPostprocessing = 0;
		};
/* End PBXFrameworksBuildPhase section */

/* Begin PBXGroup section */
		2E058D3922F1B83D0036D17B = {
			isa = PBXGroup;
			children = (
				2E058D4422F1B83D0036D17B /* dynamic chat */,
				2E058D4322F1B83D0036D17B /* Products */,
			);
			sourceTree = "<group>";
		};
		2E058D4322F1B83D0036D17B /* Products */ = {
			isa = PBXGroup;
			children = (
				2E058D4222F1B83D0036D17B /* dynamic chat.app */,
			);
			name = Products;
			sourceTree = "<group>";
		};
		2E058D4422F1B83D0036D17B /* dynamic chat */ = {
			isa = PBXGroup;
			children = (
				2E058D4522F1B83D0036D17B /* AppDelegate.swift */,
				2E058D5722F1BD0B0036D17B /* SpringYCollectionViewFlowLayout.swift */,
				2E058D4722F1B83D0036D17B /* ViewController.swift */,
				2E058D4922F1B83D0036D17B /* Main.storyboard */,
				2E058D4C22F1B83E0036D17B /* Assets.xcassets */,
				2E058D4E22F1B83E0036D17B /* LaunchScreen.storyboard */,
				2E058D5122F1B83E0036D17B /* Info.plist */,
			);
			path = "dynamic chat";
			sourceTree = "<group>";
		};
/* End PBXGroup section */

/* Begin PBXNativeTarget section */
		2E058D4122F1B83D0036D17B /* dynamic chat */ = {
			isa = PBXNativeTarget;
			buildConfigurationList = 2E058D5422F1B83E0036D17B /* Build configuration list for PBXNativeTarget "dynamic chat" */;
			buildPhases = (
				2E058D3E22F1B83D0036D17B /* Sources */,
				2E058D3F22F1B83D0036D17B /* Frameworks */,
				2E058D4022F1B83D0036D17B /* Resources */,
			);
			buildRules = (
			);
			dependencies = (
			);
			name = "dynamic chat";
			productName = "dynamic chat";
			productReference = 2E058D4222F1B83D0036D17B /* dynamic chat.app */;
			productType = "com.apple.product-type.application";
		};
/* End PBXNativeTarget section */

/* Begin PBXProject section */
		2E058D3A22F1B83D0036D17B /* Project object */ = {
			isa = PBXProject;
			attributes = {
				LastSwiftUpdateCheck = 1030;
				LastUpgradeCheck = 1030;
				ORGANIZATIONNAME = "Paul Bancarel";
				TargetAttributes = {
					2E058D4122F1B83D0036D17B = {
						CreatedOnToolsVersion = 10.3;
					};
				};
			};
			buildConfigurationList = 2E058D3D22F1B83D0036D17B /* Build configuration list for PBXProject "dynamic chat" */;
			compatibilityVersion = "Xcode 9.3";
			developmentRegion = en;
			hasScannedForEncodings = 0;
			knownRegions = (
				en,
				Base,
			);
			mainGroup = 2E058D3922F1B83D0036D17B;
			productRefGroup = 2E058D4322F1B83D0036D17B /* Products */;
			projectDirPath = "";
			projectRoot = "";
			targets = (
				2E058D4122F1B83D0036D17B /* dynamic chat */,
			);
		};
/* End PBXProject section */

/* Begin PBXResourcesBuildPhase section */
		2E058D4022F1B83D0036D17B /* Resources */ = {
			isa = PBXResourcesBuildPhase;
			buildActionMask = 2147483647;
			files = (
				2E058D5022F1B83E0036D17B /* LaunchScreen.storyboard in Resources */,
				2E058D4D22F1B83E0036D17B /* Assets.xcassets in Resources */,
				2E058D4B22F1B83D0036D17B /* Main.storyboard in Resources */,
			);
			runOnlyForDeploymentPostprocessing = 0;
		};
/* End PBXResourcesBuildPhase section */

/* Begin PBXSourcesBuildPhase section */
		2E058D3E22F1B83D0036D17B /* Sources */ = {
			isa = PBXSourcesBuildPhase;
			buildActionMask = 2147483647;
			files = (
				2E058D5822F1BD0B0036D17B /* SpringYCollectionViewFlowLayout.swift in Sources */,
				2E058D4822F1B83D0036D17B /* ViewController.swift in Sources */,
				2E058D4622F1B83D0036D17B /* AppDelegate.swift in Sources */,
			);
			runOnlyForDeploymentPostprocessing = 0;
		};
/* End PBXSourcesBuildPhase section */

/* Begin PBXVariantGroup section */
		2E058D4922F1B83D0036D17B /* Main.storyboard */ = {
			isa = PBXVariantGroup;
			children = (
				2E058D4A22F1B83D0036D17B /* Base */,
			);
			name = Main.storyboard;
			sourceTree = "<group>";
		};
		2E058D4E22F1B83E0036D17B /* LaunchScreen.storyboard */ = {
			isa = PBXVariantGroup;
			children = (
				2E058D4F22F1B83E0036D17B /* Base */,
			);
			name = LaunchScreen.storyboard;
			sourceTree = "<group>";
		};
/* End PBXVariantGroup section */

/* Begin XCBuildConfiguration section */
		2E058D5222F1B83E0036D17B /* Debug */ = {
			isa = XCBuildConfiguration;
			buildSettings = {
				ALWAYS_SEARCH_USER_PATHS = NO;
				CLANG_ANALYZER_NONNULL = YES;
				CLANG_ANALYZER_NUMBER_OBJECT_CONVERSION = YES_AGGRESSIVE;
				CLANG_CXX_LANGUAGE_STANDARD = "gnu++14";
				CLANG_CXX_LIBRARY = "libc++";
				CLANG_ENABLE_MODULES = YES;
				CLANG_ENABLE_OBJC_ARC = YES;
				CLANG_ENABLE_OBJC_WEAK = YES;
				CLANG_WARN_BLOCK_CAPTURE_AUTORELEASING = YES;
				CLANG_WARN_BOOL_CONVERSION = YES;
				CLANG_WARN_COMMA = YES;
				CLANG_WARN_CONSTANT_CONVERSION = YES;
				CLANG_WARN_DEPRECATED_OBJC_IMPLEMENTATIONS = YES;
				CLANG_WARN_DIRECT_OBJC_ISA_USAGE = YES_ERROR;
				CLANG_WARN_DOCUMENTATION_COMMENTS = YES;
				CLANG_WARN_EMPTY_BODY = YES;
				CLANG_WARN_ENUM_CONVERSION = YES;
				CLANG_WARN_INFINITE_RECURSION = YES;
				CLANG_WARN_INT_CONVERSION = YES;
				CLANG_WARN_NON_LITERAL_NULL_CONVERSION = YES;
				CLANG_WARN_OBJC_IMPLICIT_RETAIN_SELF = YES;
				CLANG_WARN_OBJC_LITERAL_CONVERSION = YES;
				CLANG_WARN_OBJC_ROOT_CLASS = YES_ERROR;
				CLANG_WARN_RANGE_LOOP_ANALYSIS = YES;
				CLANG_WARN_STRICT_PROTOTYPES = YES;
				CLANG_WARN_SUSPICIOUS_MOVE = YES;
				CLANG_WARN_UNGUARDED_AVAILABILITY = YES_AGGRESSIVE;
				CLANG_WARN_UNREACHABLE_CODE = YES;
				CLANG_WARN__DUPLICATE_METHOD_MATCH = YES;
				CODE_SIGN_IDENTITY = "iPhone Developer";
				COPY_PHASE_STRIP = NO;
				DEBUG_INFORMATION_FORMAT = dwarf;
				ENABLE_STRICT_OBJC_MSGSEND = YES;
				ENABLE_TESTABILITY = YES;
				GCC_C_LANGUAGE_STANDARD = gnu11;
				GCC_DYNAMIC_NO_PIC = NO;
				GCC_NO_COMMON_BLOCKS = YES;
				GCC_OPTIMIZATION_LEVEL = 0;
				GCC_PREPROCESSOR_DEFINITIONS = (
					"DEBUG=1",
					"$(inherited)",
				);
				GCC_WARN_64_TO_32_BIT_CONVERSION = YES;
				GCC_WARN_ABOUT_RETURN_TYPE = YES_ERROR;
				GCC_WARN_UNDECLARED_SELECTOR = YES;
				GCC_WARN_UNINITIALIZED_AUTOS = YES_AGGRESSIVE;
				GCC_WARN_UNUSED_FUNCTION = YES;
				GCC_WARN_UNUSED_VARIABLE = YES;
				IPHONEOS_DEPLOYMENT_TARGET = 12.4;
				MTL_ENABLE_DEBUG_INFO = INCLUDE_SOURCE;
				MTL_FAST_MATH = YES;
				ONLY_ACTIVE_ARCH = YES;
				SDKROOT = iphoneos;
				SWIFT_ACTIVE_COMPILATION_CONDITIONS = DEBUG;
				SWIFT_OPTIMIZATION_LEVEL = "-Onone";
			};
			name = Debug;
		};
		2E058D5322F1B83E0036D17B /* Release */ = {
			isa = XCBuildConfiguration;
			buildSettings = {
				ALWAYS_SEARCH_USER_PATHS = NO;
				CLANG_ANALYZER_NONNULL = YES;
				CLANG_ANALYZER_NUMBER_OBJECT_CONVERSION = YES_AGGRESSIVE;
				CLANG_CXX_LANGUAGE_STANDARD = "gnu++14";
				CLANG_CXX_LIBRARY = "libc++";
				CLANG_ENABLE_MODULES = YES;
				CLANG_ENABLE_OBJC_ARC = YES;
				CLANG_ENABLE_OBJC_WEAK = YES;
				CLANG_WARN_BLOCK_CAPTURE_AUTORELEASING = YES;
				CLANG_WARN_BOOL_CONVERSION = YES;
				CLANG_WARN_COMMA = YES;
				CLANG_WARN_CONSTANT_CONVERSION = YES;
				CLANG_WARN_DEPRECATED_OBJC_IMPLEMENTATIONS = YES;
				CLANG_WARN_DIRECT_OBJC_ISA_USAGE = YES_ERROR;
				CLANG_WARN_DOCUMENTATION_COMMENTS = YES;
				CLANG_WARN_EMPTY_BODY = YES;
				CLANG_WARN_ENUM_CONVERSION = YES;
				CLANG_WARN_INFINITE_RECURSION = YES;
				CLANG_WARN_INT_CONVERSION = YES;
				CLANG_WARN_NON_LITERAL_NULL_CONVERSION = YES;
				CLANG_WARN_OBJC_IMPLICIT_RETAIN_SELF = YES;
				CLANG_WARN_OBJC_LITERAL_CONVERSION = YES;
				CLANG_WARN_OBJC_ROOT_CLASS = YES_ERROR;
				CLANG_WARN_RANGE_LOOP_ANALYSIS = YES;
				CLANG_WARN_STRICT_PROTOTYPES = YES;
				CLANG_WARN_SUSPICIOUS_MOVE = YES;
				CLANG_WARN_UNGUARDED_AVAILABILITY = YES_AGGRESSIVE;
				CLANG_WARN_UNREACHABLE_CODE = YES;
				CLANG_WARN__DUPLICATE_METHOD_MATCH = YES;
				CODE_SIGN_IDENTITY = "iPhone Developer";
				COPY_PHASE_STRIP = NO;
				DEBUG_INFORMATION_FORMAT = "dwarf-with-dsym";
				ENABLE_NS_ASSERTIONS = NO;
				ENABLE_STRICT_OBJC_MSGSEND = YES;
				GCC_C_LANGUAGE_STANDARD = gnu11;
				GCC_NO_COMMON_BLOCKS = YES;
				GCC_WARN_64_TO_32_BIT_CONVERSION = YES;
				GCC_WARN_ABOUT_RETURN_TYPE = YES_ERROR;
				GCC_WARN_UNDECLARED_SELECTOR = YES;
				GCC_WARN_UNINITIALIZED_AUTOS = YES_AGGRESSIVE;
				GCC_WARN_UNUSED_FUNCTION = YES;
				GCC_WARN_UNUSED_VARIABLE = YES;
				IPHONEOS_DEPLOYMENT_TARGET = 12.4;
				MTL_ENABLE_DEBUG_INFO = NO;
				MTL_FAST_MATH = YES;
				SDKROOT = iphoneos;
				SWIFT_COMPILATION_MODE = wholemodule;
				SWIFT_OPTIMIZATION_LEVEL = "-O";
				VALIDATE_PRODUCT = YES;
			};
			name = Release;
		};
		2E058D5522F1B83E0036D17B /* Debug */ = {
			isa = XCBuildConfiguration;
			buildSettings = {
				ASSETCATALOG_COMPILER_APPICON_NAME = AppIcon;
				CODE_SIGN_STYLE = Automatic;
				DEVELOPMENT_TEAM = 3YFUK27DKT;
				INFOPLIST_FILE = "dynamic chat/Info.plist";
				IPHONEOS_DEPLOYMENT_TARGET = 12.1;
				LD_RUNPATH_SEARCH_PATHS = (
					"$(inherited)",
					"@executable_path/Frameworks",
				);
				PRODUCT_BUNDLE_IDENTIFIER = "fr.pba..dynamic-chat";
				PRODUCT_NAME = "$(TARGET_NAME)";
				SWIFT_VERSION = 5.0;
				TARGETED_DEVICE_FAMILY = "1,2";
			};
			name = Debug;
		};
		2E058D5622F1B83E0036D17B /* Release */ = {
			isa = XCBuildConfiguration;
			buildSettings = {
				ASSETCATALOG_COMPILER_APPICON_NAME = AppIcon;
				CODE_SIGN_STYLE = Automatic;
				DEVELOPMENT_TEAM = 3YFUK27DKT;
				INFOPLIST_FILE = "dynamic chat/Info.plist";
				IPHONEOS_DEPLOYMENT_TARGET = 12.1;
				LD_RUNPATH_SEARCH_PATHS = (
					"$(inherited)",
					"@executable_path/Frameworks",
				);
				PRODUCT_BUNDLE_IDENTIFIER = "fr.pba..dynamic-chat";
				PRODUCT_NAME = "$(TARGET_NAME)";
				SWIFT_VERSION = 5.0;
				TARGETED_DEVICE_FAMILY = "1,2";
			};
			name = Release;
		};
/* End XCBuildConfiguration section */

/* Begin XCConfigurationList section */
		2E058D3D22F1B83D0036D17B /* Build configuration list for PBXProject "dynamic chat" */ = {
			isa = XCConfigurationList;
			buildConfigurations = (
				2E058D5222F1B83E0036D17B /* Debug */,
				2E058D5322F1B83E0036D17B /* Release */,
			);
			defaultConfigurationIsVisible = 0;
			defaultConfigurationName = Release;
		};
		2E058D5422F1B83E0036D17B /* Build configuration list for PBXNativeTarget "dynamic chat" */ = {
			isa = XCConfigurationList;
			buildConfigurations = (
				2E058D5522F1B83E0036D17B /* Debug */,
				2E058D5622F1B83E0036D17B /* Release */,
			);
			defaultConfigurationIsVisible = 0;
			defaultConfigurationName = Release;
		};
/* End XCConfigurationList section */
	};
	rootObject = 2E058D3A22F1B83D0036D17B /* Project object */;
}
